{
  "name": "Thin",
  "version": "1.10.0",
  "lockfileVersion": 2,
  "requires": true,
  "packages": {
    "": {
      "name": "Thin",
      "version": "1.10.0",
      "dependencies": {
        "pebble-clay": "^1.0.4"
      }
    },
    "node_modules/pebble-clay": {
      "version": "1.0.4",
      "resolved": "https://registry.npmjs.org/pebble-clay/-/pebble-clay-1.0.4.tgz",
      "integrity": "sha1-/fkvD9x3CpecBodOqiRXzC52I0Q="
    }
  },
  "dependencies": {
    "pebble-clay": {
      "version": "1.0.4",
      "resolved": "https://registry.npmjs.org/pebble-clay/-/pebble-clay-1.0.4.tgz",
      "integrity": "sha1-/fkvD9x3CpecBodOqiRXzC52I0Q="
    }
  }
}
